
Microsoft Visual Studio Solution File, Format Version 12.00
# Visual Studio Version 16
VisualStudioVersion = 16.0.31321.278
MinimumVisualStudioVersion = 10.0.40219.1
Project("{9A19103F-16F7-4668-BE54-9A1E7A4F7556}") = "IdentityServerStep2", "IdentityServerStep2.csproj", "{6F5FAF9E-941D-4AA6-87B6-C532BECF03AD}"
EndProject
Project("{FAE04EC0-301F-11D3-BF4B-00C04F79EFBC}") = "MVCClientC", "..\MVCClientC\MVCClientC.csproj", "{A9B5D745-7CEF-46C3-8DC8-1733DE47FD6F}"
EndProject
Project("{FAE04EC0-301F-11D3-BF4B-00C04F79EFBC}") = "WebAPIClientC", "..\WebAPIClientC\WebAPIClientC.csproj", "{0811957E-7AB0-41B5-9D9E-75F4743BC566}"
EndProject
Project("{FAE04EC0-301F-11D3-BF4B-00C04F79EFBC}") = "JSClientC", "..\JSClientC\JSClientC.csproj", "{EBAE4AD1-857B-41A9-A268-78B8F945EBC1}"
EndProject
Global
	GlobalSection(SolutionConfigurationPlatforms) = preSolution
		Debug|Any CPU = Debug|Any CPU
		Release|Any CPU = Release|Any CPU
	EndGlobalSection
	GlobalSection(ProjectConfigurationPlatforms) = postSolution
		{6F5FAF9E-941D-4AA6-87B6-C532BECF03AD}.Debug|Any CPU.ActiveCfg = Debug|Any CPU
		{6F5FAF9E-941D-4AA6-87B6-C532BECF03AD}.Debug|Any CPU.Build.0 = Debug|Any CPU
		{6F5FAF9E-941D-4AA6-87B6-C532BECF03AD}.Release|Any CPU.ActiveCfg = Release|Any CPU
		{6F5FAF9E-941D-4AA6-87B6-C532BECF03AD}.Release|Any CPU.Build.0 = Release|Any CPU
		{A9B5D745-7CEF-46C3-8DC8-1733DE47FD6F}.Debug|Any CPU.ActiveCfg = Debug|Any CPU
		{A9B5D745-7CEF-46C3-8DC8-1733DE47FD6F}.Debug|Any CPU.Build.0 = Debug|Any CPU
		{A9B5D745-7CEF-46C3-8DC8-1733DE47FD6F}.Release|Any CPU.ActiveCfg = Release|Any CPU
		{A9B5D745-7CEF-46C3-8DC8-1733DE47FD6F}.Release|Any CPU.Build.0 = Release|Any CPU
		{0811957E-7AB0-41B5-9D9E-75F4743BC566}.Debug|Any CPU.ActiveCfg = Debug|Any CPU
		{0811957E-7AB0-41B5-9D9E-75F4743BC566}.Debug|Any CPU.Build.0 = Debug|Any CPU
		{0811957E-7AB0-41B5-9D9E-75F4743BC566}.Release|Any CPU.ActiveCfg = Release|Any CPU
		{0811957E-7AB0-41B5-9D9E-75F4743BC566}.Release|Any CPU.Build.0 = Release|Any CPU
		{EBAE4AD1-857B-41A9-A268-78B8F945EBC1}.Debug|Any CPU.ActiveCfg = Debug|Any CPU
		{EBAE4AD1-857B-41A9-A268-78B8F945EBC1}.Debug|Any CPU.Build.0 = Debug|Any CPU
		{EBAE4AD1-857B-41A9-A268-78B8F945EBC1}.Release|Any CPU.ActiveCfg = Release|Any CPU
		{EBAE4AD1-857B-41A9-A268-78B8F945EBC1}.Release|Any CPU.Build.0 = Release|Any CPU
	EndGlobalSection
	GlobalSection(SolutionProperties) = preSolution
		HideSolutionNode = FALSE
	EndGlobalSection
	GlobalSection(ExtensibilityGlobals) = postSolution
		SolutionGuid = {EB627314-7491-4D09-AFED-637B556B2A55}
	EndGlobalSection
EndGlobal
