
Microsoft Visual Studio Solution File, Format Version 12.00
# Visual Studio Version 16
VisualStudioVersion = 16.0.31321.278
MinimumVisualStudioVersion = 10.0.40219.1
Project("{FAE04EC0-301F-11D3-BF4B-00C04F79EFBC}") = "IdentityServerStep2", "IdentityServerStep2.csproj", "{6F5FAF9E-941D-4AA6-87B6-C532BECF03AD}"
EndProject
Global
	GlobalSection(SolutionConfigurationPlatforms) = preSolution
		Debug|Any CPU = Debug|Any CPU
		Release|Any CPU = Release|Any CPU
	EndGlobalSection
	GlobalSection(ProjectConfigurationPlatforms) = postSolution
		{6F5FAF9E-941D-4AA6-87B6-C532BECF03AD}.Debug|Any CPU.ActiveCfg = Debug|Any CPU
		{6F5FAF9E-941D-4AA6-87B6-C532BECF03AD}.Debug|Any CPU.Build.0 = Debug|Any CPU
		{6F5FAF9E-941D-4AA6-87B6-C532BECF03AD}.Release|Any CPU.ActiveCfg = Release|Any CPU
		{6F5FAF9E-941D-4AA6-87B6-C532BECF03AD}.Release|Any CPU.Build.0 = Release|Any CPU
	EndGlobalSection
	GlobalSection(SolutionProperties) = preSolution
		HideSolutionNode = FALSE
	EndGlobalSection
	GlobalSection(ExtensibilityGlobals) = postSolution
		SolutionGuid = {EB627314-7491-4D09-AFED-637B556B2A55}
	EndGlobalSection
EndGlobal
