
Microsoft Visual Studio Solution File, Format Version 12.00
# Visual Studio Version 16
VisualStudioVersion = 16.0.29326.143
MinimumVisualStudioVersion = 10.0.40219.1
Project("{FAE04EC0-301F-11D3-BF4B-00C04F79EFBC}") = "RedisWebAPI", "RedisWebAPI.csproj", "{A88158BF-5C08-499B-BCDF-F6FE283D1621}"
EndProject
Global
	GlobalSection(SolutionConfigurationPlatforms) = preSolution
		Debug|Any CPU = Debug|Any CPU
		Release|Any CPU = Release|Any CPU
	EndGlobalSection
	GlobalSection(ProjectConfigurationPlatforms) = postSolution
		{A88158BF-5C08-499B-BCDF-F6FE283D1621}.Debug|Any CPU.ActiveCfg = Debug|Any CPU
		{A88158BF-5C08-499B-BCDF-F6FE283D1621}.Debug|Any CPU.Build.0 = Debug|Any CPU
		{A88158BF-5C08-499B-BCDF-F6FE283D1621}.Release|Any CPU.ActiveCfg = Release|Any CPU
		{A88158BF-5C08-499B-BCDF-F6FE283D1621}.Release|Any CPU.Build.0 = Release|Any CPU
	EndGlobalSection
	GlobalSection(SolutionProperties) = preSolution
		HideSolutionNode = FALSE
	EndGlobalSection
	GlobalSection(ExtensibilityGlobals) = postSolution
		SolutionGuid = {CB014319-7E60-455F-9F88-017B15FBBC38}
	EndGlobalSection
EndGlobal
