
Microsoft Visual Studio Solution File, Format Version 12.00
# Visual Studio Version 16
VisualStudioVersion = 16.0.30907.101
MinimumVisualStudioVersion = 10.0.40219.1
Project("{9A19103F-16F7-4668-BE54-9A1E7A4F7556}") = "CustomerAPIServices", "CustomerAPIServices\CustomerAPIServices.csproj", "{33F27D14-CD6D-47AD-8657-FAA53F5A0A1C}"
EndProject
Project("{9A19103F-16F7-4668-BE54-9A1E7A4F7556}") = "APIGatewaySample", "APIGatewaySample\APIGatewaySample.csproj", "{50CC6B05-9220-4941-9D4B-301F64EAFFCC}"
EndProject
Project("{9A19103F-16F7-4668-BE54-9A1E7A4F7556}") = "ProductsAPIServices", "ProductsAPIServices\ProductsAPIServices.csproj", "{3D4B9E9C-CFF7-492A-A22D-78D70F7A1A72}"
EndProject
Project("{FAE04EC0-301F-11D3-BF4B-00C04F79EFBC}") = "AuthServer", "AuthServer\AuthServer.csproj", "{04903E3A-8A1C-451D-BCDC-CFBDF840C27B}"
EndProject
Project("{FAE04EC0-301F-11D3-BF4B-00C04F79EFBC}") = "ClientDemo", "ClientDemo\ClientDemo.csproj", "{9FDF1B78-672F-4FB7-A8DE-600DD2790606}"
EndProject
Global
	GlobalSection(SolutionConfigurationPlatforms) = preSolution
		Debug|Any CPU = Debug|Any CPU
		Release|Any CPU = Release|Any CPU
	EndGlobalSection
	GlobalSection(ProjectConfigurationPlatforms) = postSolution
		{33F27D14-CD6D-47AD-8657-FAA53F5A0A1C}.Debug|Any CPU.ActiveCfg = Debug|Any CPU
		{33F27D14-CD6D-47AD-8657-FAA53F5A0A1C}.Debug|Any CPU.Build.0 = Debug|Any CPU
		{33F27D14-CD6D-47AD-8657-FAA53F5A0A1C}.Release|Any CPU.ActiveCfg = Release|Any CPU
		{33F27D14-CD6D-47AD-8657-FAA53F5A0A1C}.Release|Any CPU.Build.0 = Release|Any CPU
		{50CC6B05-9220-4941-9D4B-301F64EAFFCC}.Debug|Any CPU.ActiveCfg = Debug|Any CPU
		{50CC6B05-9220-4941-9D4B-301F64EAFFCC}.Debug|Any CPU.Build.0 = Debug|Any CPU
		{50CC6B05-9220-4941-9D4B-301F64EAFFCC}.Release|Any CPU.ActiveCfg = Release|Any CPU
		{50CC6B05-9220-4941-9D4B-301F64EAFFCC}.Release|Any CPU.Build.0 = Release|Any CPU
		{3D4B9E9C-CFF7-492A-A22D-78D70F7A1A72}.Debug|Any CPU.ActiveCfg = Debug|Any CPU
		{3D4B9E9C-CFF7-492A-A22D-78D70F7A1A72}.Debug|Any CPU.Build.0 = Debug|Any CPU
		{3D4B9E9C-CFF7-492A-A22D-78D70F7A1A72}.Release|Any CPU.ActiveCfg = Release|Any CPU
		{3D4B9E9C-CFF7-492A-A22D-78D70F7A1A72}.Release|Any CPU.Build.0 = Release|Any CPU
		{04903E3A-8A1C-451D-BCDC-CFBDF840C27B}.Debug|Any CPU.ActiveCfg = Debug|Any CPU
		{04903E3A-8A1C-451D-BCDC-CFBDF840C27B}.Debug|Any CPU.Build.0 = Debug|Any CPU
		{04903E3A-8A1C-451D-BCDC-CFBDF840C27B}.Release|Any CPU.ActiveCfg = Release|Any CPU
		{04903E3A-8A1C-451D-BCDC-CFBDF840C27B}.Release|Any CPU.Build.0 = Release|Any CPU
		{9FDF1B78-672F-4FB7-A8DE-600DD2790606}.Debug|Any CPU.ActiveCfg = Debug|Any CPU
		{9FDF1B78-672F-4FB7-A8DE-600DD2790606}.Debug|Any CPU.Build.0 = Debug|Any CPU
		{9FDF1B78-672F-4FB7-A8DE-600DD2790606}.Release|Any CPU.ActiveCfg = Release|Any CPU
		{9FDF1B78-672F-4FB7-A8DE-600DD2790606}.Release|Any CPU.Build.0 = Release|Any CPU
	EndGlobalSection
	GlobalSection(SolutionProperties) = preSolution
		HideSolutionNode = FALSE
	EndGlobalSection
	GlobalSection(ExtensibilityGlobals) = postSolution
		SolutionGuid = {5096F606-37DF-4B28-A10B-1D47187ACB26}
	EndGlobalSection
EndGlobal
