
Microsoft Visual Studio Solution File, Format Version 12.00
# Visual Studio Version 17
VisualStudioVersion = 17.1.32421.90
MinimumVisualStudioVersion = 10.0.40219.1
Project("{9A19103F-16F7-4668-BE54-9A1E7A4F7556}") = "MongoWebAPI", "MongoWebAPI.csproj", "{26BD32A4-DA73-40FC-A972-A066309F9758}"
EndProject
Global
	GlobalSection(SolutionConfigurationPlatforms) = preSolution
		Debug|Any CPU = Debug|Any CPU
		Release|Any CPU = Release|Any CPU
	EndGlobalSection
	GlobalSection(ProjectConfigurationPlatforms) = postSolution
		{26BD32A4-DA73-40FC-A972-A066309F9758}.Debug|Any CPU.ActiveCfg = Debug|Any CPU
		{26BD32A4-DA73-40FC-A972-A066309F9758}.Debug|Any CPU.Build.0 = Debug|Any CPU
		{26BD32A4-DA73-40FC-A972-A066309F9758}.Release|Any CPU.ActiveCfg = Release|Any CPU
		{26BD32A4-DA73-40FC-A972-A066309F9758}.Release|Any CPU.Build.0 = Release|Any CPU
	EndGlobalSection
	GlobalSection(SolutionProperties) = preSolution
		HideSolutionNode = FALSE
	EndGlobalSection
	GlobalSection(ExtensibilityGlobals) = postSolution
		SolutionGuid = {14F157B1-22A6-4645-A542-1C1D75B7FD65}
	EndGlobalSection
EndGlobal
